
Microsoft Visual Studio Solution File, Format Version 12.00
# Visual Studio Version 17
VisualStudioVersion = 17.6.33829.357
MinimumVisualStudioVersion = 10.0.40219.1
Project("{FAE04EC0-301F-11D3-BF4B-00C04F79EFBC}") = "SiteManangmentAPI.Presentation", "SiteManangmentAPI.Presentation\SiteManangmentAPI.Presentation.csproj", "{85CB2FCE-4F5D-4EB9-9FC9-4EBF99794F5E}"
EndProject
Project("{FAE04EC0-301F-11D3-BF4B-00C04F79EFBC}") = "SiteManangmentAPI.Application", "SiteManangmentAPI.Application\SiteManangmentAPI.Application.csproj", "{3FC70DA1-9DE4-4A05-B2B1-8368984951FB}"
EndProject
Project("{FAE04EC0-301F-11D3-BF4B-00C04F79EFBC}") = "SiteManangmentAPI.Data", "SiteManangmentAPI.Data\SiteManangmentAPI.Data.csproj", "{A15138A1-3950-47A7-B0DB-65A951B305AA}"
EndProject
Project("{FAE04EC0-301F-11D3-BF4B-00C04F79EFBC}") = "SiteManangmentAPI.Base", "SiteManangmentAPI.Base\SiteManangmentAPI.Base.csproj", "{DF237D6B-ECD0-4744-87A9-60AF06A5079A}"
EndProject
Global
	GlobalSection(SolutionConfigurationPlatforms) = preSolution
		Debug|Any CPU = Debug|Any CPU
		Release|Any CPU = Release|Any CPU
	EndGlobalSection
	GlobalSection(ProjectConfigurationPlatforms) = postSolution
		{85CB2FCE-4F5D-4EB9-9FC9-4EBF99794F5E}.Debug|Any CPU.ActiveCfg = Debug|Any CPU
		{85CB2FCE-4F5D-4EB9-9FC9-4EBF99794F5E}.Debug|Any CPU.Build.0 = Debug|Any CPU
		{85CB2FCE-4F5D-4EB9-9FC9-4EBF99794F5E}.Release|Any CPU.ActiveCfg = Release|Any CPU
		{85CB2FCE-4F5D-4EB9-9FC9-4EBF99794F5E}.Release|Any CPU.Build.0 = Release|Any CPU
		{3FC70DA1-9DE4-4A05-B2B1-8368984951FB}.Debug|Any CPU.ActiveCfg = Debug|Any CPU
		{3FC70DA1-9DE4-4A05-B2B1-8368984951FB}.Debug|Any CPU.Build.0 = Debug|Any CPU
		{3FC70DA1-9DE4-4A05-B2B1-8368984951FB}.Release|Any CPU.ActiveCfg = Release|Any CPU
		{3FC70DA1-9DE4-4A05-B2B1-8368984951FB}.Release|Any CPU.Build.0 = Release|Any CPU
		{A15138A1-3950-47A7-B0DB-65A951B305AA}.Debug|Any CPU.ActiveCfg = Debug|Any CPU
		{A15138A1-3950-47A7-B0DB-65A951B305AA}.Debug|Any CPU.Build.0 = Debug|Any CPU
		{A15138A1-3950-47A7-B0DB-65A951B305AA}.Release|Any CPU.ActiveCfg = Release|Any CPU
		{A15138A1-3950-47A7-B0DB-65A951B305AA}.Release|Any CPU.Build.0 = Release|Any CPU
		{DF237D6B-ECD0-4744-87A9-60AF06A5079A}.Debug|Any CPU.ActiveCfg = Debug|Any CPU
		{DF237D6B-ECD0-4744-87A9-60AF06A5079A}.Debug|Any CPU.Build.0 = Debug|Any CPU
		{DF237D6B-ECD0-4744-87A9-60AF06A5079A}.Release|Any CPU.ActiveCfg = Release|Any CPU
		{DF237D6B-ECD0-4744-87A9-60AF06A5079A}.Release|Any CPU.Build.0 = Release|Any CPU
	EndGlobalSection
	GlobalSection(SolutionProperties) = preSolution
		HideSolutionNode = FALSE
	EndGlobalSection
	GlobalSection(ExtensibilityGlobals) = postSolution
		SolutionGuid = {D35B2974-47A3-491F-86EA-A79369783197}
	EndGlobalSection
EndGlobal
